// !$*UTF8*$!
{
	archiveVersion = 1;
	classes = {
	};
	objectVersion = 50;
	objects = {

/* Begin PBXBuildFile section */
		0DD763A321F9712D00889F20 /* main.m in Sources */ = {isa = PBXBuildFile; fileRef = 0DD763A221F9712D00889F20 /* main.m */; };
		0DD763AB21F9713D00889F20 /* Soldiers.m in Sources */ = {isa = PBXBuildFile; fileRef = 0DD763AA21F9713D00889F20 /* Soldiers.m */; };
		0DD763AE21F9714D00889F20 /* Guns.m in Sources */ = {isa = PBXBuildFile; fileRef = 0DD763AD21F9714D00889F20 /* Guns.m */; };
		0DD763B521F97A6100889F20 /* Clip.m in Sources */ = {isa = PBXBuildFile; fileRef = 0DD763B421F97A6100889F20 /* Clip.m */; };
/* End PBXBuildFile section */

/* Begin PBXCopyFilesBuildPhase section */
		0DD7639D21F9712D00889F20 /* CopyFiles */ = {
			isa = PBXCopyFilesBuildPhase;
			buildActionMask = 2147483647;
			dstPath = /usr/share/man/man1/;
			dstSubfolderSpec = 0;
			files = (
			);
			runOnlyForDeploymentPostprocessing = 1;
		};
/* End PBXCopyFilesBuildPhase section */

/* Begin PBXFileReference section */
		0DD7639F21F9712D00889F20 /* SoldiersAndGuns */ = {isa = PBXFileReference; explicitFileType = "compiled.mach-o.executable"; includeInIndex = 0; path = SoldiersAndGuns; sourceTree = BUILT_PRODUCTS_DIR; };
		0DD763A221F9712D00889F20 /* main.m */ = {isa = PBXFileReference; lastKnownFileType = sourcecode.c.objc; path = main.m; sourceTree = "<group>"; };
		0DD763A921F9713D00889F20 /* Soldiers.h */ = {isa = PBXFileReference; lastKnownFileType = sourcecode.c.h; path = Soldiers.h; sourceTree = "<group>"; };
		0DD763AA21F9713D00889F20 /* Soldiers.m */ = {isa = PBXFileReference; lastKnownFileType = sourcecode.c.objc; path = Soldiers.m; sourceTree = "<group>"; };
		0DD763AC21F9714D00889F20 /* Guns.h */ = {isa = PBXFileReference; lastKnownFileType = sourcecode.c.h; path = Guns.h; sourceTree = "<group>"; };
		0DD763AD21F9714D00889F20 /* Guns.m */ = {isa = PBXFileReference; lastKnownFileType = sourcecode.c.objc; path = Guns.m; sourceTree = "<group>"; };
		0DD763B221F971D800889F20 /* SoldierType.h */ = {isa = PBXFileReference; lastKnownFileType = sourcecode.c.h; path = SoldierType.h; sourceTree = "<group>"; };
		0DD763B321F97A6100889F20 /* Clip.h */ = {isa = PBXFileReference; lastKnownFileType = sourcecode.c.h; path = Clip.h; sourceTree = "<group>"; };
		0DD763B421F97A6100889F20 /* Clip.m */ = {isa = PBXFileReference; lastKnownFileType = sourcecode.c.objc; path = Clip.m; sourceTree = "<group>"; };
/* End PBXFileReference section */

/* Begin PBXFrameworksBuildPhase section */
		0DD7639C21F9712D00889F20 /* Frameworks */ = {
			isa = PBXFrameworksBuildPhase;
			buildActionMask = 2147483647;
			files = (
			);
			runOnlyForDeploymentPostprocessing = 0;
		};
/* End PBXFrameworksBuildPhase section */

/* Begin PBXGroup section */
		0DD7639621F9712D00889F20 = {
			isa = PBXGroup;
			children = (
				0DD763A121F9712D00889F20 /* SoldiersAndGuns */,
				0DD763A021F9712D00889F20 /* Products */,
			);
			sourceTree = "<group>";
		};
		0DD763A021F9712D00889F20 /* Products */ = {
			isa = PBXGroup;
			children = (
				0DD7639F21F9712D00889F20 /* SoldiersAndGuns */,
			);
			name = Products;
			sourceTree = "<group>";
		};
		0DD763A121F9712D00889F20 /* SoldiersAndGuns */ = {
			isa = PBXGroup;
			children = (
				0DD763A221F9712D00889F20 /* main.m */,
				0DD763A921F9713D00889F20 /* Soldiers.h */,
				0DD763AA21F9713D00889F20 /* Soldiers.m */,
				0DD763AC21F9714D00889F20 /* Guns.h */,
				0DD763AD21F9714D00889F20 /* Guns.m */,
				0DD763B221F971D800889F20 /* SoldierType.h */,
				0DD763B321F97A6100889F20 /* Clip.h */,
				0DD763B421F97A6100889F20 /* Clip.m */,
			);
			path = SoldiersAndGuns;
			sourceTree = "<group>";
		};
/* End PBXGroup section */

/* Begin PBXNativeTarget section */
		0DD7639E21F9712D00889F20 /* SoldiersAndGuns */ = {
			isa = PBXNativeTarget;
			buildConfigurationList = 0DD763A621F9712D00889F20 /* Build configuration list for PBXNativeTarget "SoldiersAndGuns" */;
			buildPhases = (
				0DD7639B21F9712D00889F20 /* Sources */,
				0DD7639C21F9712D00889F20 /* Frameworks */,
				0DD7639D21F9712D00889F20 /* CopyFiles */,
			);
			buildRules = (
			);
			dependencies = (
			);
			name = SoldiersAndGuns;
			productName = SoldiersAndGuns;
			productReference = 0DD7639F21F9712D00889F20 /* SoldiersAndGuns */;
			productType = "com.apple.product-type.tool";
		};
/* End PBXNativeTarget section */

/* Begin PBXProject section */
		0DD7639721F9712D00889F20 /* Project object */ = {
			isa = PBXProject;
			attributes = {
				LastUpgradeCheck = 1010;
				ORGANIZATIONNAME = "Stephen Cao";
				TargetAttributes = {
					0DD7639E21F9712D00889F20 = {
						CreatedOnToolsVersion = 10.1;
					};
				};
			};
			buildConfigurationList = 0DD7639A21F9712D00889F20 /* Build configuration list for PBXProject "SoldiersAndGuns" */;
			compatibilityVersion = "Xcode 9.3";
			developmentRegion = en;
			hasScannedForEncodings = 0;
			knownRegions = (
				en,
			);
			mainGroup = 0DD7639621F9712D00889F20;
			productRefGroup = 0DD763A021F9712D00889F20 /* Products */;
			projectDirPath = "";
			projectRoot = "";
			targets = (
				0DD7639E21F9712D00889F20 /* SoldiersAndGuns */,
			);
		};
/* End PBXProject section */

/* Begin PBXSourcesBuildPhase section */
		0DD7639B21F9712D00889F20 /* Sources */ = {
			isa = PBXSourcesBuildPhase;
			buildActionMask = 2147483647;
			files = (
				0DD763B521F97A6100889F20 /* Clip.m in Sources */,
				0DD763AE21F9714D00889F20 /* Guns.m in Sources */,
				0DD763AB21F9713D00889F20 /* Soldiers.m in Sources */,
				0DD763A321F9712D00889F20 /* main.m in Sources */,
			);
			runOnlyForDeploymentPostprocessing = 0;
		};
/* End PBXSourcesBuildPhase section */

/* Begin XCBuildConfiguration section */
		0DD763A421F9712D00889F20 /* Debug */ = {
			isa = XCBuildConfiguration;
			buildSettings = {
				ALWAYS_SEARCH_USER_PATHS = NO;
				CLANG_ANALYZER_NONNULL = YES;
				CLANG_ANALYZER_NUMBER_OBJECT_CONVERSION = YES_AGGRESSIVE;
				CLANG_CXX_LANGUAGE_STANDARD = "gnu++14";
				CLANG_CXX_LIBRARY = "libc++";
				CLANG_ENABLE_MODULES = YES;
				CLANG_ENABLE_OBJC_ARC = YES;
				CLANG_ENABLE_OBJC_WEAK = YES;
				CLANG_WARN_BLOCK_CAPTURE_AUTORELEASING = YES;
				CLANG_WARN_BOOL_CONVERSION = YES;
				CLANG_WARN_COMMA = YES;
				CLANG_WARN_CONSTANT_CONVERSION = YES;
				CLANG_WARN_DEPRECATED_OBJC_IMPLEMENTATIONS = YES;
				CLANG_WARN_DIRECT_OBJC_ISA_USAGE = YES_ERROR;
				CLANG_WARN_DOCUMENTATION_COMMENTS = YES;
				CLANG_WARN_EMPTY_BODY = YES;
				CLANG_WARN_ENUM_CONVERSION = YES;
				CLANG_WARN_INFINITE_RECURSION = YES;
				CLANG_WARN_INT_CONVERSION = YES;
				CLANG_WARN_NON_LITERAL_NULL_CONVERSION = YES;
				CLANG_WARN_OBJC_IMPLICIT_RETAIN_SELF = YES;
				CLANG_WARN_OBJC_LITERAL_CONVERSION = YES;
				CLANG_WARN_OBJC_ROOT_CLASS = YES_ERROR;
				CLANG_WARN_RANGE_LOOP_ANALYSIS = YES;
				CLANG_WARN_STRICT_PROTOTYPES = YES;
				CLANG_WARN_SUSPICIOUS_MOVE = YES;
				CLANG_WARN_UNGUARDED_AVAILABILITY = YES_AGGRESSIVE;
				CLANG_WARN_UNREACHABLE_CODE = YES;
				CLANG_WARN__DUPLICATE_METHOD_MATCH = YES;
				CODE_SIGN_IDENTITY = "-";
				COPY_PHASE_STRIP = NO;
				DEBUG_INFORMATION_FORMAT = dwarf;
				ENABLE_STRICT_OBJC_MSGSEND = YES;
				ENABLE_TESTABILITY = YES;
				GCC_C_LANGUAGE_STANDARD = gnu11;
				GCC_DYNAMIC_NO_PIC = NO;
				GCC_NO_COMMON_BLOCKS = YES;
				GCC_OPTIMIZATION_LEVEL = 0;
				GCC_PREPROCESSOR_DEFINITIONS = (
					"DEBUG=1",
					"$(inherited)",
				);
				GCC_WARN_64_TO_32_BIT_CONVERSION = YES;
				GCC_WARN_ABOUT_RETURN_TYPE = YES_ERROR;
				GCC_WARN_UNDECLARED_SELECTOR = YES;
				GCC_WARN_UNINITIALIZED_AUTOS = YES_AGGRESSIVE;
				GCC_WARN_UNUSED_FUNCTION = YES;
				GCC_WARN_UNUSED_VARIABLE = YES;
				MACOSX_DEPLOYMENT_TARGET = 10.14;
				MTL_ENABLE_DEBUG_INFO = INCLUDE_SOURCE;
				MTL_FAST_MATH = YES;
				ONLY_ACTIVE_ARCH = YES;
				SDKROOT = macosx;
			};
			name = Debug;
		};
		0DD763A521F9712D00889F20 /* Release */ = {
			isa = XCBuildConfiguration;
			buildSettings = {
				ALWAYS_SEARCH_USER_PATHS = NO;
				CLANG_ANALYZER_NONNULL = YES;
				CLANG_ANALYZER_NUMBER_OBJECT_CONVERSION = YES_AGGRESSIVE;
				CLANG_CXX_LANGUAGE_STANDARD = "gnu++14";
				CLANG_CXX_LIBRARY = "libc++";
				CLANG_ENABLE_MODULES = YES;
				CLANG_ENABLE_OBJC_ARC = YES;
				CLANG_ENABLE_OBJC_WEAK = YES;
				CLANG_WARN_BLOCK_CAPTURE_AUTORELEASING = YES;
				CLANG_WARN_BOOL_CONVERSION = YES;
				CLANG_WARN_COMMA = YES;
				CLANG_WARN_CONSTANT_CONVERSION = YES;
				CLANG_WARN_DEPRECATED_OBJC_IMPLEMENTATIONS = YES;
				CLANG_WARN_DIRECT_OBJC_ISA_USAGE = YES_ERROR;
				CLANG_WARN_DOCUMENTATION_COMMENTS = YES;
				CLANG_WARN_EMPTY_BODY = YES;
				CLANG_WARN_ENUM_CONVERSION = YES;
				CLANG_WARN_INFINITE_RECURSION = YES;
				CLANG_WARN_INT_CONVERSION = YES;
				CLANG_WARN_NON_LITERAL_NULL_CONVERSION = YES;
				CLANG_WARN_OBJC_IMPLICIT_RETAIN_SELF = YES;
				CLANG_WARN_OBJC_LITERAL_CONVERSION = YES;
				CLANG_WARN_OBJC_ROOT_CLASS = YES_ERROR;
				CLANG_WARN_RANGE_LOOP_ANALYSIS = YES;
				CLANG_WARN_STRICT_PROTOTYPES = YES;
				CLANG_WARN_SUSPICIOUS_MOVE = YES;
				CLANG_WARN_UNGUARDED_AVAILABILITY = YES_AGGRESSIVE;
				CLANG_WARN_UNREACHABLE_CODE = YES;
				CLANG_WARN__DUPLICATE_METHOD_MATCH = YES;
				CODE_SIGN_IDENTITY = "-";
				COPY_PHASE_STRIP = NO;
				DEBUG_INFORMATION_FORMAT = "dwarf-with-dsym";
				ENABLE_NS_ASSERTIONS = NO;
				ENABLE_STRICT_OBJC_MSGSEND = YES;
				GCC_C_LANGUAGE_STANDARD = gnu11;
				GCC_NO_COMMON_BLOCKS = YES;
				GCC_WARN_64_TO_32_BIT_CONVERSION = YES;
				GCC_WARN_ABOUT_RETURN_TYPE = YES_ERROR;
				GCC_WARN_UNDECLARED_SELECTOR = YES;
				GCC_WARN_UNINITIALIZED_AUTOS = YES_AGGRESSIVE;
				GCC_WARN_UNUSED_FUNCTION = YES;
				GCC_WARN_UNUSED_VARIABLE = YES;
				MACOSX_DEPLOYMENT_TARGET = 10.14;
				MTL_ENABLE_DEBUG_INFO = NO;
				MTL_FAST_MATH = YES;
				SDKROOT = macosx;
			};
			name = Release;
		};
		0DD763A721F9712D00889F20 /* Debug */ = {
			isa = XCBuildConfiguration;
			buildSettings = {
				CODE_SIGN_STYLE = Automatic;
				PRODUCT_NAME = "$(TARGET_NAME)";
			};
			name = Debug;
		};
		0DD763A821F9712D00889F20 /* Release */ = {
			isa = XCBuildConfiguration;
			buildSettings = {
				CODE_SIGN_STYLE = Automatic;
				PRODUCT_NAME = "$(TARGET_NAME)";
			};
			name = Release;
		};
/* End XCBuildConfiguration section */

/* Begin XCConfigurationList section */
		0DD7639A21F9712D00889F20 /* Build configuration list for PBXProject "SoldiersAndGuns" */ = {
			isa = XCConfigurationList;
			buildConfigurations = (
				0DD763A421F9712D00889F20 /* Debug */,
				0DD763A521F9712D00889F20 /* Release */,
			);
			defaultConfigurationIsVisible = 0;
			defaultConfigurationName = Release;
		};
		0DD763A621F9712D00889F20 /* Build configuration list for PBXNativeTarget "SoldiersAndGuns" */ = {
			isa = XCConfigurationList;
			buildConfigurations = (
				0DD763A721F9712D00889F20 /* Debug */,
				0DD763A821F9712D00889F20 /* Release */,
			);
			defaultConfigurationIsVisible = 0;
			defaultConfigurationName = Release;
		};
/* End XCConfigurationList section */
	};
	rootObject = 0DD7639721F9712D00889F20 /* Project object */;
}
